
Microsoft Visual Studio Solution File, Format Version 12.00
# Visual Studio Version 17
VisualStudioVersion = 17.14.36623.8 d17.14
MinimumVisualStudioVersion = 10.0.40219.1
Project("{00D1A9C2-B5F0-4AF3-8072-F6C62B433612}") = "BookstoreDB_MCDIA", "BookstoreDB_MCDIA\BookstoreDB_MCDIA.sqlproj", "{4990B796-044D-406E-A1E7-3C05BCE1F7EB}"
EndProject
Global
	GlobalSection(SolutionConfigurationPlatforms) = preSolution
		Debug|Any CPU = Debug|Any CPU
		Release|Any CPU = Release|Any CPU
	EndGlobalSection
	GlobalSection(ProjectConfigurationPlatforms) = postSolution
		{4990B796-044D-406E-A1E7-3C05BCE1F7EB}.Debug|Any CPU.ActiveCfg = Debug|Any CPU
		{4990B796-044D-406E-A1E7-3C05BCE1F7EB}.Debug|Any CPU.Build.0 = Debug|Any CPU
		{4990B796-044D-406E-A1E7-3C05BCE1F7EB}.Debug|Any CPU.Deploy.0 = Debug|Any CPU
		{4990B796-044D-406E-A1E7-3C05BCE1F7EB}.Release|Any CPU.ActiveCfg = Release|Any CPU
		{4990B796-044D-406E-A1E7-3C05BCE1F7EB}.Release|Any CPU.Build.0 = Release|Any CPU
		{4990B796-044D-406E-A1E7-3C05BCE1F7EB}.Release|Any CPU.Deploy.0 = Release|Any CPU
	EndGlobalSection
	GlobalSection(SolutionProperties) = preSolution
		HideSolutionNode = FALSE
	EndGlobalSection
	GlobalSection(ExtensibilityGlobals) = postSolution
		SolutionGuid = {56531024-16B6-4C8A-929F-F090F338DEDC}
	EndGlobalSection
EndGlobal
