
Microsoft Visual Studio Solution File, Format Version 12.00
# Visual Studio Version 18
VisualStudioVersion = 18.0.11217.181 d18.0
MinimumVisualStudioVersion = 10.0.40219.1
Project("{00D1A9C2-B5F0-4AF3-8072-F6C62B433612}") = "BookstoreDB_OLTP", "BookstoreDB_MCDIA\BookstoreDB_OLTP.sqlproj", "{4990B796-044D-406E-A1E7-3C05BCE1F7EB}"
EndProject
Project("{2150E333-8FDC-42A3-9474-1A3956D46DE8}") = "DataBases", "DataBases", "{02EA681E-C7D8-13C7-8484-4AC65E1B71E8}"
EndProject
Project("{2150E333-8FDC-42A3-9474-1A3956D46DE8}") = "OLTP", "OLTP", "{545CE3A8-23A0-4CE5-A621-78E9877F842F}"
EndProject
Project("{2150E333-8FDC-42A3-9474-1A3956D46DE8}") = "DW", "DW", "{010DA706-4F4A-4D6A-B667-28C3031B851B}"
EndProject
Project("{00D1A9C2-B5F0-4AF3-8072-F6C62B433612}") = "BookstoreDB_DW", "BookstoreDB_DW\BookstoreDB_DW.sqlproj", "{BB75D045-E1AD-4788-BBF6-3C94FF715496}"
EndProject
Project("{C9674DCB-5085-4A16-B785-4C70DD1589BD}") = "BookstoreETL", "BookstoreETL\BookstoreETL.dtproj", "{CA3F6B63-39F7-119B-E664-F1ECBFB710BF}"
EndProject
Global
	GlobalSection(SolutionConfigurationPlatforms) = preSolution
		Debug|Any CPU = Debug|Any CPU
		Development|Any CPU = Development|Any CPU
		Release|Any CPU = Release|Any CPU
	EndGlobalSection
	GlobalSection(ProjectConfigurationPlatforms) = postSolution
		{4990B796-044D-406E-A1E7-3C05BCE1F7EB}.Debug|Any CPU.ActiveCfg = Debug|Any CPU
		{4990B796-044D-406E-A1E7-3C05BCE1F7EB}.Debug|Any CPU.Build.0 = Debug|Any CPU
		{4990B796-044D-406E-A1E7-3C05BCE1F7EB}.Debug|Any CPU.Deploy.0 = Debug|Any CPU
		{4990B796-044D-406E-A1E7-3C05BCE1F7EB}.Development|Any CPU.ActiveCfg = Release|Any CPU
		{4990B796-044D-406E-A1E7-3C05BCE1F7EB}.Development|Any CPU.Build.0 = Release|Any CPU
		{4990B796-044D-406E-A1E7-3C05BCE1F7EB}.Development|Any CPU.Deploy.0 = Release|Any CPU
		{4990B796-044D-406E-A1E7-3C05BCE1F7EB}.Release|Any CPU.ActiveCfg = Release|Any CPU
		{4990B796-044D-406E-A1E7-3C05BCE1F7EB}.Release|Any CPU.Build.0 = Release|Any CPU
		{4990B796-044D-406E-A1E7-3C05BCE1F7EB}.Release|Any CPU.Deploy.0 = Release|Any CPU
		{BB75D045-E1AD-4788-BBF6-3C94FF715496}.Debug|Any CPU.ActiveCfg = Debug|Any CPU
		{BB75D045-E1AD-4788-BBF6-3C94FF715496}.Debug|Any CPU.Build.0 = Debug|Any CPU
		{BB75D045-E1AD-4788-BBF6-3C94FF715496}.Debug|Any CPU.Deploy.0 = Debug|Any CPU
		{BB75D045-E1AD-4788-BBF6-3C94FF715496}.Development|Any CPU.ActiveCfg = Release|Any CPU
		{BB75D045-E1AD-4788-BBF6-3C94FF715496}.Development|Any CPU.Build.0 = Release|Any CPU
		{BB75D045-E1AD-4788-BBF6-3C94FF715496}.Development|Any CPU.Deploy.0 = Release|Any CPU
		{BB75D045-E1AD-4788-BBF6-3C94FF715496}.Release|Any CPU.ActiveCfg = Release|Any CPU
		{BB75D045-E1AD-4788-BBF6-3C94FF715496}.Release|Any CPU.Build.0 = Release|Any CPU
		{BB75D045-E1AD-4788-BBF6-3C94FF715496}.Release|Any CPU.Deploy.0 = Release|Any CPU
		{CA3F6B63-39F7-119B-E664-F1ECBFB710BF}.Debug|Any CPU.ActiveCfg = Development
		{CA3F6B63-39F7-119B-E664-F1ECBFB710BF}.Debug|Any CPU.Build.0 = Development
		{CA3F6B63-39F7-119B-E664-F1ECBFB710BF}.Development|Any CPU.ActiveCfg = Development
		{CA3F6B63-39F7-119B-E664-F1ECBFB710BF}.Development|Any CPU.Build.0 = Development
		{CA3F6B63-39F7-119B-E664-F1ECBFB710BF}.Release|Any CPU.ActiveCfg = Development
		{CA3F6B63-39F7-119B-E664-F1ECBFB710BF}.Release|Any CPU.Build.0 = Development
	EndGlobalSection
	GlobalSection(SolutionProperties) = preSolution
		HideSolutionNode = FALSE
	EndGlobalSection
	GlobalSection(NestedProjects) = preSolution
		{4990B796-044D-406E-A1E7-3C05BCE1F7EB} = {545CE3A8-23A0-4CE5-A621-78E9877F842F}
		{545CE3A8-23A0-4CE5-A621-78E9877F842F} = {02EA681E-C7D8-13C7-8484-4AC65E1B71E8}
		{010DA706-4F4A-4D6A-B667-28C3031B851B} = {02EA681E-C7D8-13C7-8484-4AC65E1B71E8}
		{BB75D045-E1AD-4788-BBF6-3C94FF715496} = {010DA706-4F4A-4D6A-B667-28C3031B851B}
	EndGlobalSection
	GlobalSection(ExtensibilityGlobals) = postSolution
		SolutionGuid = {56531024-16B6-4C8A-929F-F090F338DEDC}
	EndGlobalSection
EndGlobal
